# Generated by conda-lock.
# platform: linux-64
# input_hash: a65ee343dad68250692c736bcdf1953816d048f73039adeb133fab58cba607e7
@EXPLICIT
https://repo.anaconda.com/pkgs/main/linux-64/_libgcc_mutex-0.1-main.conda#c3473ff8bdb3d124ed5ff11ec380d6f9
https://repo.anaconda.com/pkgs/main/linux-64/blas-1.0-mkl.conda#9a7a051e9bd41da46523acb017d8a517
https://repo.anaconda.com/pkgs/main/linux-64/ca-certificates-2023.12.12-h06a4308_0.conda#12bf7315c3f5ca50300e8b48d1b4ef2e
https://repo.anaconda.com/pkgs/main/linux-64/ld_impl_linux-64-2.38-h1181459_1.conda#68eedfd9c06f2b0e6888d8db345b7f5b
https://conda.anaconda.org/pytorch/noarch/pytorch-mutex-1.0-cpu.tar.bz2#49565ed726991fd28d08a39885caa88d
https://repo.anaconda.com/pkgs/main/noarch/tzdata-2023d-h04d1e81_0.conda#fdb319536f351b2b828a350ffd1a35a1
https://repo.anaconda.com/pkgs/main/linux-64/libgomp-11.2.0-h1234567_1.conda#b372c0eea9b60732fdae4b817a63c8cd
https://repo.anaconda.com/pkgs/main/linux-64/libstdcxx-ng-11.2.0-h1234567_1.conda#57623d10a70e09e1d048c2b2b6f4e2dd
https://repo.anaconda.com/pkgs/main/linux-64/_openmp_mutex-5.1-1_gnu.conda#71d281e9c2192cb3fa425655a8defb85
https://repo.anaconda.com/pkgs/main/linux-64/libgcc-ng-11.2.0-h1234567_1.conda#a87728dabf3151fb9cfa990bd2eb0464
https://repo.anaconda.com/pkgs/main/linux-64/bzip2-1.0.8-h7b6447c_0.conda#9303f4af7c004e069bae22bde8d800ee
https://repo.anaconda.com/pkgs/main/linux-64/expat-2.5.0-h6a678d5_0.conda#9a21d99d49a0a556cf9590430dec8ec0
https://repo.anaconda.com/pkgs/main/linux-64/gmp-6.2.1-h295c915_3.conda#045e9e85252d5efc8c09a136b4c2b3d4
https://repo.anaconda.com/pkgs/main/linux-64/libffi-3.4.4-h6a678d5_0.conda#06e288f9250abef59b9a367d151fc339
https://repo.anaconda.com/pkgs/main/linux-64/libuuid-1.41.5-h5eee18b_0.conda#4a6a2354414c9080327274aa514e5299
https://repo.anaconda.com/pkgs/main/linux-64/ncurses-6.4-h6a678d5_0.conda#5558eec6e2191741a92f832ea826251c
https://repo.anaconda.com/pkgs/main/linux-64/openssl-3.0.12-h7f8727e_0.conda#48caaebab690276acf1bc1f3b56febf4
https://repo.anaconda.com/pkgs/main/linux-64/pcre-8.45-h295c915_0.conda#b32ccc24d1d9808618c1e898da60f68d
https://repo.anaconda.com/pkgs/main/linux-64/tbb-2021.8.0-hdb19cb5_0.conda#869373905a6bfacbb967abc98516dd85
https://repo.anaconda.com/pkgs/main/linux-64/xz-5.4.5-h5eee18b_0.conda#fb0f709ab3eb6ad3538677c327646581
https://repo.anaconda.com/pkgs/main/linux-64/yaml-0.2.5-h7b6447c_0.conda#39fdbf4db769e494ffb06d95680c83d8
https://repo.anaconda.com/pkgs/main/linux-64/zlib-1.2.13-h5eee18b_0.conda#333e31fbfbb5057c92fa845ad6adef93
https://repo.anaconda.com/pkgs/main/linux-64/glib-2.69.1-he621ea3_2.conda#51cf1899782b3f3744aedd143fbc07f3
https://repo.anaconda.com/pkgs/main/linux-64/intel-openmp-2023.1.0-hdb19cb5_46306.conda#8c3c1916f770196bf998c8310178ae55
https://repo.anaconda.com/pkgs/main/linux-64/llvm-openmp-14.0.6-h9e868ea_0.conda#ea4b8facb65d80d5520255fd331bae37
https://repo.anaconda.com/pkgs/main/linux-64/mpfr-4.0.2-hb69a4c5_1.conda#9000a148d49baa5a3b3428397889d37d
https://repo.anaconda.com/pkgs/main/linux-64/readline-8.2-h5eee18b_0.conda#be42180685cce6e6b0329201d9f48efb
https://repo.anaconda.com/pkgs/main/linux-64/tk-8.6.12-h1ccaba5_0.conda#fa10ff4aa631fa4aa090a6234d7770b9
https://repo.anaconda.com/pkgs/main/linux-64/dbus-1.13.18-hb2f20db_0.conda#6a6a6f1391f807847404344489ef6cf4
https://repo.anaconda.com/pkgs/main/linux-64/mkl-2023.1.0-h213fc3f_46344.conda#83e5adf5b75242d8d7634615fed37c72
https://repo.anaconda.com/pkgs/main/linux-64/mpc-1.1.0-h10f8cd9_1.conda#a04e160ec0a1117f7638590e534f16c7
https://repo.anaconda.com/pkgs/main/linux-64/sqlite-3.41.2-h5eee18b_0.conda#c7086c9ceb6cfe1c4c729a774a2d88a5
https://repo.anaconda.com/pkgs/main/linux-64/python-3.10.13-h955ad1f_0.conda#5ff5fe4b4dd716f6f91b33b79a7e4a9e
https://repo.anaconda.com/pkgs/main/noarch/appdirs-1.4.4-pyhd3eb1b0_0.conda#5673d98d06171cb6eed03a6736845c4d
https://repo.anaconda.com/pkgs/main/linux-64/attrs-23.1.0-py310h06a4308_0.conda#c01f08056ba4037e55fe0b66eb398970
https://repo.anaconda.com/pkgs/main/linux-64/brotli-python-1.0.9-py310h6a678d5_7.conda#a3301b37d90d92a449832850ad20bbc8
https://repo.anaconda.com/pkgs/main/noarch/cachy-0.3.0-pyhd3eb1b0_0.conda#fcb19b85ad100b509f744e339c50871e
https://repo.anaconda.com/pkgs/main/linux-64/certifi-2023.11.17-py310h06a4308_0.conda#da5f0a8c68a8b992751d4bd1bf67498d
https://repo.anaconda.com/pkgs/main/noarch/charset-normalizer-2.0.4-pyhd3eb1b0_0.conda#e7a441d94234b2b5fafee06e25dbf076
https://repo.anaconda.com/pkgs/main/linux-64/click-8.1.7-py310h06a4308_0.conda#5b367e0f21e45a105c1d0ccd452b46b7
https://repo.anaconda.com/pkgs/main/linux-64/crashtest-0.4.1-py310h06a4308_0.conda#d7d5cb306b89fa72964c9ccde1062f9f
https://repo.anaconda.com/pkgs/main/linux-64/distlib-0.3.6-py310h06a4308_0.conda#a25cd220171292af94fe74b0a6cfe650
https://repo.anaconda.com/pkgs/main/linux-64/filelock-3.13.1-py310h06a4308_0.conda#b0ea92b64435f35302a514d46d035510
https://repo.anaconda.com/pkgs/main/linux-64/gmpy2-2.1.2-py310heeb90bb_0.conda#669eccc196671c096319923ef299cd91
https://repo.anaconda.com/pkgs/main/linux-64/idna-3.4-py310h06a4308_0.conda#7f4dba8f7c37983e0d56fad719c94ba3
https://repo.anaconda.com/pkgs/main/noarch/jeepney-0.7.1-pyhd3eb1b0_0.conda#f115ef0af90b59f35ef56743955979a4
https://repo.anaconda.com/pkgs/main/linux-64/lockfile-0.12.2-py310h06a4308_0.conda#6a022b3b03431a4a86ee02e89e724772
https://repo.anaconda.com/pkgs/main/linux-64/markupsafe-2.1.3-py310h5eee18b_0.conda#27865be8802ed7a92b33a0a21c227458
https://repo.anaconda.com/pkgs/main/linux-64/mkl-service-2.4.0-py310h5eee18b_1.conda#c881b8030448906c2518327c3e444b50
https://repo.anaconda.com/pkgs/main/linux-64/more-itertools-10.1.0-py310h06a4308_0.conda#570f3be066cae25d36bf110ae4216d28
https://repo.anaconda.com/pkgs/main/linux-64/mpmath-1.3.0-py310h06a4308_0.conda#c2ef44c97672251ca5cb95abc0a5324e
https://repo.anaconda.com/pkgs/main/linux-64/msgpack-python-1.0.3-py310hd09550d_0.conda#29f619b42b5cc825ef32765c16b28b7e
https://repo.anaconda.com/pkgs/main/linux-64/networkx-3.1-py310h06a4308_0.conda#468967431ce5f5bec96522dc97fa4e4d
https://repo.anaconda.com/pkgs/main/linux-64/packaging-23.1-py310h06a4308_0.conda#b58a4c769ef76e833498756ccbd72757
https://repo.anaconda.com/pkgs/main/noarch/pastel-0.2.1-py_0.conda#81a0d5c930710445569d9a2f5137d6a2
https://repo.anaconda.com/pkgs/main/linux-64/pkginfo-1.9.6-py310h06a4308_0.conda#dbfdb06321633a65799fa8fb599dac10
https://repo.anaconda.com/pkgs/main/linux-64/platformdirs-2.5.2-py310h06a4308_0.conda#05febbc2c59a3cb738b705e60476d8bf
https://repo.anaconda.com/pkgs/main/linux-64/poetry-core-1.5.1-py310h06a4308_0.conda#8ccc291a34c50116f454385210a72ec3
https://repo.anaconda.com/pkgs/main/noarch/ptyprocess-0.7.0-pyhd3eb1b0_2.conda#7441d2827d4bfbcc1fa308875a146246
https://repo.anaconda.com/pkgs/main/noarch/pycparser-2.21-pyhd3eb1b0_0.conda#135a72ff2a31150a3a3ff0b1edd41ca9
https://repo.anaconda.com/pkgs/main/noarch/pylev-1.3.0-py_0.conda#8753b52aad70b2ed2ebaa6031853c816
https://repo.anaconda.com/pkgs/main/linux-64/pysocks-1.7.1-py310h06a4308_0.conda#b0753810caadcd4a550c833f87fb3866
https://repo.anaconda.com/pkgs/main/linux-64/python-installer-0.6.0-py310h06a4308_0.conda#78e920bdd5e6611d43588f8948180270
https://repo.anaconda.com/pkgs/main/linux-64/pyyaml-6.0.1-py310h5eee18b_0.conda#f4b712ce86fc6982bbe772d8c9308f6f
https://repo.anaconda.com/pkgs/main/linux-64/rpds-py-0.10.6-py310hb02cf49_0.conda#aa9c04f35218916696b861161a93295f
https://repo.anaconda.com/pkgs/main/linux-64/ruamel.yaml.clib-0.2.6-py310h5eee18b_1.conda#49a45b52b0edcddab287912fc9cf5304
https://repo.anaconda.com/pkgs/main/linux-64/setuptools-68.2.2-py310h06a4308_0.conda#0368a6c4637ee1c08a81285e872ea424
https://repo.anaconda.com/pkgs/main/linux-64/shellingham-1.5.0-py310h06a4308_0.conda#bc1ee3249086c74f8e57dad73557005a
https://repo.anaconda.com/pkgs/main/noarch/six-1.16.0-pyhd3eb1b0_1.conda#34586824d411d36af2fa40e799c172d0
https://repo.anaconda.com/pkgs/main/linux-64/tomli-2.0.1-py310h06a4308_0.conda#16e032c58fc284838f0e0b42f03d5a1d
https://repo.anaconda.com/pkgs/main/linux-64/tomlkit-0.11.1-py310h06a4308_0.conda#57817e6c50d597a40051c405d7dd7296
https://repo.anaconda.com/pkgs/main/linux-64/toolz-0.12.0-py310h06a4308_0.conda#42aa6106f340ea2ec4f0d5040850f1f6
https://repo.anaconda.com/pkgs/main/linux-64/trove-classifiers-2023.10.18-py310h06a4308_0.conda#157b135e8e5d175f2c458c6d285aef2c
https://repo.anaconda.com/pkgs/main/linux-64/typing_extensions-4.7.1-py310h06a4308_0.conda#21dfd13f87cb819a2fddb7304909b7b6
https://repo.anaconda.com/pkgs/main/linux-64/webencodings-0.5.1-py310h06a4308_1.conda#bf910a6e6f99eb6d9d2ba14bd7b7c066
https://repo.anaconda.com/pkgs/main/linux-64/wheel-0.41.2-py310h06a4308_0.conda#96f71f9990496123cc3f6468b6fa54ee
https://repo.anaconda.com/pkgs/main/linux-64/zipp-3.17.0-py310h06a4308_0.conda#05ae9726a523e3c54852cbf87e2e202e
https://repo.anaconda.com/pkgs/main/linux-64/cffi-1.16.0-py310h5eee18b_0.conda#4f223e69b7165f7a1e96a1053245e17f
https://repo.anaconda.com/pkgs/main/linux-64/click-default-group-1.2.2-py310h06a4308_0.conda#b17e079ca3414b537b9af198858efd0e
https://conda.anaconda.org/conda-forge/noarch/clikit-0.6.2-pyhd8ed1ab_2.conda#02abb7b66b02e8b9f5a9b05454400087
https://repo.anaconda.com/pkgs/main/noarch/html5lib-1.1-pyhd3eb1b0_0.conda#24c4f675dfc77f9d1ae6cd3c33731c3c
https://repo.anaconda.com/pkgs/main/linux-64/importlib-metadata-7.0.1-py310h06a4308_0.conda#5c2007a924f9ab672b2beaf117af0852
https://repo.anaconda.com/pkgs/main/noarch/jaraco.classes-3.2.1-pyhd3eb1b0_0.conda#7f47c66b55e92b2724174847703df72f
https://repo.anaconda.com/pkgs/main/linux-64/jinja2-3.1.2-py310h06a4308_0.conda#f22cc11648fc31b2cebaafed2dd8d5ec
https://repo.anaconda.com/pkgs/main/linux-64/numpy-base-1.26.3-py310hb5e798b_0.conda#4f083323e365c0d33ba97fb06ea689c3
https://repo.anaconda.com/pkgs/main/noarch/pexpect-4.8.0-pyhd3eb1b0_3.conda#765b2562d6cdd14bb6d44fc170a04331
https://repo.anaconda.com/pkgs/main/linux-64/pip-23.3.1-py310h06a4308_0.conda#c46e4a88ac48c2c1cfaa05a6742d588f
https://repo.anaconda.com/pkgs/main/linux-64/poetry-plugin-export-1.3.0-py310h4849bfd_0.conda#824a7fdf5bac436523ba62d682158504
https://repo.anaconda.com/pkgs/main/linux-64/pyproject_hooks-1.0.0-py310h06a4308_0.conda#56a9caf8474b40aa2949ff4923787afe
https://repo.anaconda.com/pkgs/main/linux-64/referencing-0.30.2-py310h06a4308_0.conda#b1ba1ff819562e8608cfe45b77cd6494
https://repo.anaconda.com/pkgs/main/linux-64/ruamel.yaml-0.17.21-py310h5eee18b_0.conda#0a54e321078e043b72b6f68d10472b62
https://repo.anaconda.com/pkgs/main/linux-64/sympy-1.12-py310h06a4308_0.conda#c3bbd7e3fa80513f46e3ba628cec26b4
https://repo.anaconda.com/pkgs/main/linux-64/typing-extensions-4.7.1-py310h06a4308_0.conda#175b66cc71ccf09d12a592cf7b7aa644
https://repo.anaconda.com/pkgs/main/linux-64/virtualenv-20.17.1-py310h06a4308_0.conda#3cf857b1b9821eb988b9f4ed6d41f7ad
https://repo.anaconda.com/pkgs/main/linux-64/cryptography-41.0.7-py310hdda0065_0.conda#a5e36ce82ba45e2a7b43026560b3c3ba
https://repo.anaconda.com/pkgs/main/noarch/importlib_metadata-7.0.1-hd3eb1b0_0.conda#f764ec5ca8c8f808464764c83be0ead4
https://repo.anaconda.com/pkgs/main/linux-64/jsonschema-specifications-2023.7.1-py310h06a4308_0.conda#0cf6985bde6513725f978825b4a1fe24
https://repo.anaconda.com/pkgs/main/linux-64/pydantic-1.10.12-py310h5eee18b_1.conda#cc3ac792a051f0739f21a883deb9438e
https://repo.anaconda.com/pkgs/main/linux-64/python-build-0.10.0-py310h06a4308_0.conda#2547f3b704da42ab17585bdb48d2d259
https://conda.anaconda.org/pytorch/linux-64/pytorch-2.1.0-py3.10_cpu_0.tar.bz2#d0cad70e1b25eb77792956515a4141a0
https://repo.anaconda.com/pkgs/main/linux-64/jsonschema-4.19.2-py310h06a4308_0.conda#ddb32fd9ff8b311faf8246bfaa94c725
https://repo.anaconda.com/pkgs/main/linux-64/pyopenssl-23.2.0-py310h06a4308_0.conda#0635167b62d52a894b72635739e5c7bc
https://repo.anaconda.com/pkgs/main/linux-64/secretstorage-3.3.1-py310h06a4308_1.conda#c2180530067e077ecaff4d488fa3e0dc
https://repo.anaconda.com/pkgs/main/linux-64/keyring-23.13.1-py310h06a4308_0.conda#b1e68f8918371fbb74af7547af65719c
https://repo.anaconda.com/pkgs/main/linux-64/urllib3-1.26.18-py310h06a4308_0.conda#9ae2b68132d9f7f1fa000e79524e6e11
https://repo.anaconda.com/pkgs/main/linux-64/dulwich-0.21.3-py310h5eee18b_0.conda#43ceab9011dae89b14cee64340ca321f
https://repo.anaconda.com/pkgs/main/linux-64/requests-2.31.0-py310h06a4308_0.conda#81e8293939370975e4887b12336e1b89
https://repo.anaconda.com/pkgs/main/linux-64/cachecontrol-0.12.11-py310h06a4308_1.conda#ccd7aac19ce0f4f779b0a30deb454329
https://repo.anaconda.com/pkgs/main/linux-64/ensureconda-1.4.3-py310h06a4308_0.conda#3f54d0147eba15980c8fbf9d694fb5aa
https://repo.anaconda.com/pkgs/main/noarch/requests-toolbelt-0.9.1-pyhd3eb1b0_0.conda#b88f3d8567fbe61e58100f80655ba402
https://repo.anaconda.com/pkgs/main/linux-64/cachecontrol-with-filecache-0.12.11-py310h06a4308_1.conda#b9fbbb852908dce0ce900c01fb2682d1
https://repo.anaconda.com/pkgs/main/linux-64/conda-lock-1.4.0-py310h06a4308_0.conda#287f83c9645e60a5671f6d0a3748424b
https://repo.anaconda.com/pkgs/main/linux-64/cleo-2.0.1-py310h06a4308_0.conda#3cb78bc5f4e4876c028ee58989afd72d
https://repo.anaconda.com/pkgs/main/linux-64/poetry-1.4.0-py310h06a4308_0.conda#0b334290b2c0f09a1ecf85cfef52151a
https://repo.anaconda.com/pkgs/main/linux-64/mkl_fft-1.3.8-py310h5eee18b_0.conda#4b058b917c3ca9a8bdc5d652ee6f1503
https://repo.anaconda.com/pkgs/main/linux-64/mkl_random-1.2.4-py310hdb19cb5_0.conda#ea6613d438fb74b74f31b506638a6998
https://repo.anaconda.com/pkgs/main/linux-64/numpy-1.26.3-py310h5f9d8c6_0.conda#c38ea6e767ba4dca11f558898d56ac0d
https://repo.anaconda.com/pkgs/main/linux-64/rapidfuzz-2.13.7-py310h1128e8f_0.conda#946f29cf670f76c7d552346292beb546
